[[package]]
name = "brotli"
version = "1.0.9"
description = "Python bindings for the Brotli compression library"
category = "main"
optional = false
python-versions = "*"

[[package]]
name = "brotlicffi"
version = "1.0.9.2"
description = "Python CFFI bindings to the Brotli library"
category = "main"
optional = false
python-versions = "*"

[package.dependencies]
cffi = ">=1.0.0"

[[package]]
name = "cffi"
version = "1.15.0"
description = "Foreign Function Interface for Python calling C code."
category = "main"
optional = false
python-versions = "*"

[package.dependencies]
pycparser = "*"

[[package]]
name = "cssselect2"
version = "0.4.1"
description = "cssselect2"
category = "main"
optional = false
python-versions = ">=3.6"

[package.dependencies]
tinycss2 = "*"
webencodings = "*"

[package.extras]
doc = ["sphinx", "sphinx-rtd-theme"]
test = ["pytest", "pytest-cov", "pytest-flake8", "pytest-isort", "coverage"]

[[package]]
name = "fonttools"
version = "4.28.5"
description = "Tools to manipulate font files"
category = "main"
optional = false
python-versions = ">=3.7"

[package.dependencies]
brotli = {version = ">=1.0.1", optional = true, markers = "platform_python_implementation == \"CPython\" and extra == \"woff\""}
brotlicffi = {version = ">=0.8.0", optional = true, markers = "platform_python_implementation != \"CPython\" and extra == \"woff\""}
zopfli = {version = ">=0.1.4", optional = true, markers = "extra == \"woff\""}

[package.extras]
all = ["fs (>=2.2.0,<3)", "lxml (>=4.0,<5)", "zopfli (>=0.1.4)", "lz4 (>=1.7.4.2)", "matplotlib", "sympy", "skia-pathops (>=0.5.0)", "brotlicffi (>=0.8.0)", "scipy", "brotli (>=1.0.1)", "munkres", "unicodedata2 (>=13.0.0)", "xattr"]
graphite = ["lz4 (>=1.7.4.2)"]
interpolatable = ["scipy", "munkres"]
lxml = ["lxml (>=4.0,<5)"]
pathops = ["skia-pathops (>=0.5.0)"]
plot = ["matplotlib"]
symfont = ["sympy"]
type1 = ["xattr"]
ufo = ["fs (>=2.2.0,<3)"]
unicode = ["unicodedata2 (>=13.0.0)"]
woff = ["zopfli (>=0.1.4)", "brotlicffi (>=0.8.0)", "brotli (>=1.0.1)"]

[[package]]
name = "html5lib"
version = "1.1"
description = "HTML parser based on the WHATWG HTML specification"
category = "main"
optional = false
python-versions = ">=2.7, !=3.0.*, !=3.1.*, !=3.2.*, !=3.3.*, !=3.4.*"

[package.dependencies]
six = ">=1.9"
webencodings = "*"

[package.extras]
all = ["genshi", "chardet (>=2.2)", "lxml"]
chardet = ["chardet (>=2.2)"]
genshi = ["genshi"]
lxml = ["lxml"]

[[package]]
name = "invoke"
version = "1.6.0"
description = "Pythonic task execution"
category = "main"
optional = false
python-versions = "*"

[[package]]
name = "pillow"
version = "9.0.0"
description = "Python Imaging Library (Fork)"
category = "main"
optional = false
python-versions = ">=3.7"

[[package]]
name = "pycparser"
version = "2.21"
description = "C parser in Python"
category = "main"
optional = false
python-versions = ">=2.7, !=3.0.*, !=3.1.*, !=3.2.*, !=3.3.*"

[[package]]
name = "pydyf"
version = "0.1.2"
description = "A low-level PDF generator."
category = "main"
optional = false
python-versions = ">=3.6"

[package.extras]
doc = ["sphinx", "sphinx-rtd-theme"]
test = ["pytest", "pytest-cov", "pytest-flake8", "pytest-isort", "coverage", "pillow"]

[[package]]
name = "pyphen"
version = "0.12.0"
description = "Pure Python module to hyphenate text"
category = "main"
optional = false
python-versions = ">=3.7"

[package.extras]
doc = ["sphinx", "sphinx-rtd-theme"]
test = ["pytest", "pytest-cov", "pytest-flake8", "pytest-isort", "coverage"]

[[package]]
name = "six"
version = "1.16.0"
description = "Python 2 and 3 compatibility utilities"
category = "main"
optional = false
python-versions = ">=2.7, !=3.0.*, !=3.1.*, !=3.2.*"

[[package]]
name = "svgwrite"
version = "1.4.1"
description = "A Python library to create SVG drawings."
category = "main"
optional = false
python-versions = ">=3.6"

[[package]]
name = "tinycss2"
version = "1.1.1"
description = "A tiny CSS parser"
category = "main"
optional = false
python-versions = ">=3.6"

[package.dependencies]
webencodings = ">=0.4"

[package.extras]
doc = ["sphinx", "sphinx-rtd-theme"]
test = ["pytest", "pytest-cov", "pytest-flake8", "pytest-isort", "coverage"]

[[package]]
name = "weasyprint"
version = "54.0"
description = "The Awesome Document Factory"
category = "main"
optional = false
python-versions = ">=3.6"

[package.dependencies]
cffi = ">=0.6"
cssselect2 = ">=0.1"
fonttools = {version = ">=4.0.0", extras = ["woff"]}
html5lib = ">=1.1"
Pillow = ">=4.0.0"
pydyf = ">=0.0.3"
Pyphen = ">=0.9.1"
tinycss2 = ">=1.0.0"

[package.extras]
doc = ["sphinx", "sphinx-rtd-theme"]
test = ["pytest", "pytest-cov", "pytest-flake8", "pytest-isort", "coverage"]

[[package]]
name = "webencodings"
version = "0.5.1"
description = "Character encoding aliases for legacy web content"
category = "main"
optional = false
python-versions = "*"

[[package]]
name = "yattag"
version = "1.14.0"
description = "Generate HTML or XML in a pythonic way. Pure python alternative to web template engines.Can fill HTML forms with default values and error messages."
category = "main"
optional = false
python-versions = "*"

[[package]]
name = "zopfli"
version = "0.1.9"
description = "Zopfli module for python"
category = "main"
optional = false
python-versions = "*"

[metadata]
lock-version = "1.1"
python-versions = "^3.7"
content-hash = "bdbb89c7ca503e41975e923575b43b8ebe32f58e08be36d654c7793f764dd39b"

[metadata.files]
brotli = [
    {file = "Brotli-1.0.9-cp27-cp27m-macosx_10_9_x86_64.whl", hash = "sha256:268fe94547ba25b58ebc724680609c8ee3e5a843202e9a381f6f9c5e8bdb5c70"},
    {file = "Brotli-1.0.9-cp27-cp27m-manylinux1_i686.whl", hash = "sha256:c2415d9d082152460f2bd4e382a1e85aed233abc92db5a3880da2257dc7daf7b"},
    {file = "Brotli-1.0.9-cp27-cp27m-manylinux1_x86_64.whl", hash = "sha256:5913a1177fc36e30fcf6dc868ce23b0453952c78c04c266d3149b3d39e1410d6"},
    {file = "Brotli-1.0.9-cp27-cp27m-win32.whl", hash = "sha256:afde17ae04d90fbe53afb628f7f2d4ca022797aa093e809de5c3cf276f61bbfa"},
    {file = "Brotli-1.0.9-cp27-cp27mu-manylinux1_i686.whl", hash = "sha256:7cb81373984cc0e4682f31bc3d6be9026006d96eecd07ea49aafb06897746452"},
    {file = "Brotli-1.0.9-cp27-cp27mu-manylinux1_x86_64.whl", hash = "sha256:db844eb158a87ccab83e868a762ea8024ae27337fc7ddcbfcddd157f841fdfe7"},
    {file = "Brotli-1.0.9-cp310-cp310-macosx_10_9_universal2.whl", hash = "sha256:9744a863b489c79a73aba014df554b0e7a0fc44ef3f8a0ef2a52919c7d155031"},
    {file = "Brotli-1.0.9-cp310-cp310-macosx_10_9_x86_64.whl", hash = "sha256:a72661af47119a80d82fa583b554095308d6a4c356b2a554fdc2799bc19f2a43"},
    {file = "Brotli-1.0.9-cp310-cp310-manylinux_2_17_aarch64.manylinux2014_aarch64.whl", hash = "sha256:7ee83d3e3a024a9618e5be64648d6d11c37047ac48adff25f12fa4226cf23d1c"},
    {file = "Brotli-1.0.9-cp310-cp310-manylinux_2_5_i686.manylinux1_i686.manylinux_2_12_i686.manylinux2010_i686.whl", hash = "sha256:19598ecddd8a212aedb1ffa15763dd52a388518c4550e615aed88dc3753c0f0c"},
    {file = "Brotli-1.0.9-cp310-cp310-manylinux_2_5_x86_64.manylinux1_x86_64.manylinux_2_12_x86_64.manylinux2010_x86_64.whl", hash = "sha256:44bb8ff420c1d19d91d79d8c3574b8954288bdff0273bf788954064d260d7ab0"},
    {file = "Brotli-1.0.9-cp310-cp310-win32.whl", hash = "sha256:26d168aac4aaec9a4394221240e8a5436b5634adc3cd1cdf637f6645cecbf181"},
    {file = "Brotli-1.0.9-cp310-cp310-win_amd64.whl", hash = "sha256:622a231b08899c864eb87e85f81c75e7b9ce05b001e59bbfbf43d4a71f5f32b2"},
    {file = "Brotli-1.0.9-cp35-cp35m-macosx_10_6_intel.whl", hash = "sha256:c83aa123d56f2e060644427a882a36b3c12db93727ad7a7b9efd7d7f3e9cc2c4"},
    {file = "Brotli-1.0.9-cp35-cp35m-manylinux1_i686.whl", hash = "sha256:6b2ae9f5f67f89aade1fab0f7fd8f2832501311c363a21579d02defa844d9296"},
    {file = "Brotli-1.0.9-cp35-cp35m-manylinux1_x86_64.whl", hash = "sha256:68715970f16b6e92c574c30747c95cf8cf62804569647386ff032195dc89a430"},
    {file = "Brotli-1.0.9-cp35-cp35m-win32.whl", hash = "sha256:defed7ea5f218a9f2336301e6fd379f55c655bea65ba2476346340a0ce6f74a1"},
    {file = "Brotli-1.0.9-cp35-cp35m-win_amd64.whl", hash = "sha256:88c63a1b55f352b02c6ffd24b15ead9fc0e8bf781dbe070213039324922a2eea"},
    {file = "Brotli-1.0.9-cp36-cp36m-macosx_10_9_x86_64.whl", hash = "sha256:503fa6af7da9f4b5780bb7e4cbe0c639b010f12be85d02c99452825dd0feef3f"},
    {file = "Brotli-1.0.9-cp36-cp36m-manylinux1_i686.whl", hash = "sha256:40d15c79f42e0a2c72892bf407979febd9cf91f36f495ffb333d1d04cebb34e4"},
    {file = "Brotli-1.0.9-cp36-cp36m-manylinux1_x86_64.whl", hash = "sha256:93130612b837103e15ac3f9cbacb4613f9e348b58b3aad53721d92e57f96d46a"},
    {file = "Brotli-1.0.9-cp36-cp36m-manylinux_2_17_aarch64.manylinux2014_aarch64.whl", hash = "sha256:87fdccbb6bb589095f413b1e05734ba492c962b4a45a13ff3408fa44ffe6479b"},
    {file = "Brotli-1.0.9-cp36-cp36m-win32.whl", hash = "sha256:61a7ee1f13ab913897dac7da44a73c6d44d48a4adff42a5701e3239791c96e14"},
    {file = "Brotli-1.0.9-cp36-cp36m-win_amd64.whl", hash = "sha256:1c48472a6ba3b113452355b9af0a60da5c2ae60477f8feda8346f8fd48e3e87c"},
    {file = "Brotli-1.0.9-cp37-cp37m-macosx_10_9_x86_64.whl", hash = "sha256:3b78a24b5fd13c03ee2b7b86290ed20efdc95da75a3557cc06811764d5ad1126"},
    {file = "Brotli-1.0.9-cp37-cp37m-manylinux1_i686.whl", hash = "sha256:9d12cf2851759b8de8ca5fde36a59c08210a97ffca0eb94c532ce7b17c6a3d1d"},
    {file = "Brotli-1.0.9-cp37-cp37m-manylinux1_x86_64.whl", hash = "sha256:6c772d6c0a79ac0f414a9f8947cc407e119b8598de7621f39cacadae3cf57d12"},
    {file = "Brotli-1.0.9-cp37-cp37m-manylinux_2_17_aarch64.manylinux2014_aarch64.whl", hash = "sha256:29d1d350178e5225397e28ea1b7aca3648fcbab546d20e7475805437bfb0a130"},
    {file = "Brotli-1.0.9-cp37-cp37m-win32.whl", hash = "sha256:f909bbbc433048b499cb9db9e713b5d8d949e8c109a2a548502fb9aa8630f0b1"},
    {file = "Brotli-1.0.9-cp37-cp37m-win_amd64.whl", hash = "sha256:97f715cf371b16ac88b8c19da00029804e20e25f30d80203417255d239f228b5"},
    {file = "Brotli-1.0.9-cp38-cp38-macosx_10_9_universal2.whl", hash = "sha256:e16eb9541f3dd1a3e92b89005e37b1257b157b7256df0e36bd7b33b50be73bcb"},
    {file = "Brotli-1.0.9-cp38-cp38-macosx_10_9_x86_64.whl", hash = "sha256:160c78292e98d21e73a4cc7f76a234390e516afcd982fa17e1422f7c6a9ce9c8"},
    {file = "Brotli-1.0.9-cp38-cp38-manylinux1_i686.whl", hash = "sha256:b663f1e02de5d0573610756398e44c130add0eb9a3fc912a09665332942a2efb"},
    {file = "Brotli-1.0.9-cp38-cp38-manylinux1_x86_64.whl", hash = "sha256:5b6ef7d9f9c38292df3690fe3e302b5b530999fa90014853dcd0d6902fb59f26"},
    {file = "Brotli-1.0.9-cp38-cp38-manylinux_2_17_aarch64.manylinux2014_aarch64.whl", hash = "sha256:8a674ac10e0a87b683f4fa2b6fa41090edfd686a6524bd8dedbd6138b309175c"},
    {file = "Brotli-1.0.9-cp38-cp38-win32.whl", hash = "sha256:35a3edbe18e876e596553c4007a087f8bcfd538f19bc116917b3c7522fca0429"},
    {file = "Brotli-1.0.9-cp38-cp38-win_amd64.whl", hash = "sha256:269a5743a393c65db46a7bb982644c67ecba4b8d91b392403ad8a861ba6f495f"},
    {file = "Brotli-1.0.9-cp39-cp39-macosx_10_9_universal2.whl", hash = "sha256:2aad0e0baa04517741c9bb5b07586c642302e5fb3e75319cb62087bd0995ab19"},
    {file = "Brotli-1.0.9-cp39-cp39-macosx_10_9_x86_64.whl", hash = "sha256:5cb1e18167792d7d21e21365d7650b72d5081ed476123ff7b8cac7f45189c0c7"},
    {file = "Brotli-1.0.9-cp39-cp39-manylinux1_i686.whl", hash = "sha256:16d528a45c2e1909c2798f27f7bf0a3feec1dc9e50948e738b961618e38b6a7b"},
    {file = "Brotli-1.0.9-cp39-cp39-manylinux1_x86_64.whl", hash = "sha256:56d027eace784738457437df7331965473f2c0da2c70e1a1f6fdbae5402e0389"},
    {file = "Brotli-1.0.9-cp39-cp39-manylinux_2_17_aarch64.manylinux2014_aarch64.whl", hash = "sha256:9bf919756d25e4114ace16a8ce91eb340eb57a08e2c6950c3cebcbe3dff2a5e7"},
    {file = "Brotli-1.0.9-cp39-cp39-win32.whl", hash = "sha256:cfc391f4429ee0a9370aa93d812a52e1fee0f37a81861f4fdd1f4fb28e8547c3"},
    {file = "Brotli-1.0.9-cp39-cp39-win_amd64.whl", hash = "sha256:854c33dad5ba0fbd6ab69185fec8dab89e13cda6b7d191ba111987df74f38761"},
    {file = "Brotli-1.0.9-pp37-pypy37_pp73-macosx_10_9_x86_64.whl", hash = "sha256:9749a124280a0ada4187a6cfd1ffd35c350fb3af79c706589d98e088c5044267"},
    {file = "Brotli-1.0.9-pp37-pypy37_pp73-win_amd64.whl", hash = "sha256:76ffebb907bec09ff511bb3acc077695e2c32bc2142819491579a695f77ffd4d"},
    {file = "Brotli-1.0.9.zip", hash = "sha256:4d1b810aa0ed773f81dceda2cc7b403d01057458730e309856356d4ef4188438"},
]
brotlicffi = [
    {file = "brotlicffi-1.0.9.2-cp27-cp27m-macosx_10_9_x86_64.whl", hash = "sha256:408ec4359f9763280d5c4e0ad29c51d1240b25fdd18719067e972163b4125b98"},
    {file = "brotlicffi-1.0.9.2-cp27-cp27m-manylinux1_i686.whl", hash = "sha256:2e4629f7690ded66c8818715c6d4dd6a7ff6a4f10fad6186fe99850f781ce210"},
    {file = "brotlicffi-1.0.9.2-cp27-cp27m-manylinux1_x86_64.whl", hash = "sha256:137c4635edcdf593de5ce9d0daa596bf499591b16b8fca5fd72a490deb54b2ee"},
    {file = "brotlicffi-1.0.9.2-cp27-cp27m-manylinux2010_i686.whl", hash = "sha256:af8a1b7bcfccf9c41a3c8654994d6a81821fdfe4caddcfe5045bfda936546ca3"},
    {file = "brotlicffi-1.0.9.2-cp27-cp27m-manylinux2010_x86_64.whl", hash = "sha256:9078432af4785f35ab3840587eed7fb131e3fc77eb2a739282b649b343c584dd"},
    {file = "brotlicffi-1.0.9.2-cp27-cp27mu-manylinux1_i686.whl", hash = "sha256:7bb913d5bf3b4ce2ec59872711dc9faaff5f320c3c3827cada2d8a7b793a7753"},
    {file = "brotlicffi-1.0.9.2-cp27-cp27mu-manylinux1_x86_64.whl", hash = "sha256:16a0c9392a1059e2e62839fbd037d2e7e03c8ae5da65e9746f582464f7fab1bb"},
    {file = "brotlicffi-1.0.9.2-cp27-cp27mu-manylinux2010_i686.whl", hash = "sha256:94d2810efc5723f1447b332223b197466190518a3eeca93b9f357efb5b22c6dc"},
    {file = "brotlicffi-1.0.9.2-cp27-cp27mu-manylinux2010_x86_64.whl", hash = "sha256:9e70f3e20f317d70912b10dbec48b29114d3dbd0e9d88475cb328e6c086f0546"},
    {file = "brotlicffi-1.0.9.2-cp35-abi3-macosx_10_9_x86_64.whl", hash = "sha256:586f0ea3c2eed455d5f2330b9ab4a591514c8de0ee53d445645efcfbf053c69f"},
    {file = "brotlicffi-1.0.9.2-cp35-abi3-manylinux1_i686.whl", hash = "sha256:4454c3baedc277fd6e65f983e3eb8e77f4bc15060f69370a0201746e2edeca81"},
    {file = "brotlicffi-1.0.9.2-cp35-abi3-manylinux1_x86_64.whl", hash = "sha256:52c1c12dad6eb1d44213a0a76acf5f18f64653bd801300bef5e2f983405bdde5"},
    {file = "brotlicffi-1.0.9.2-cp35-abi3-manylinux2010_i686.whl", hash = "sha256:21cd400d24b344c218d8e32b394849e31b7c15784667575dbda9f65c46a64b0a"},
    {file = "brotlicffi-1.0.9.2-cp35-abi3-manylinux2010_x86_64.whl", hash = "sha256:71061f8bc86335b652e442260c4367b782a92c6e295cf5a10eff84c7d19d8cf5"},
    {file = "brotlicffi-1.0.9.2-cp35-abi3-manylinux2014_aarch64.whl", hash = "sha256:15e0db52c56056be6310fc116b3d7c6f34185594e261f23790b2fb6489998363"},
    {file = "brotlicffi-1.0.9.2-cp35-abi3-win32.whl", hash = "sha256:551305703d12a2dd1ae43d3dde35dee20b1cb49b5796279d4d34e2c6aec6be4d"},
    {file = "brotlicffi-1.0.9.2-cp35-abi3-win_amd64.whl", hash = "sha256:2be4fb8a7cb482f226af686cd06d2a2cab164ccdf99e460f8e3a5ec9a5337da2"},
    {file = "brotlicffi-1.0.9.2-pp27-pypy_73-macosx_10_9_x86_64.whl", hash = "sha256:8e7221d8a084d32d15c7b58e0ce0573972375c5038423dbe83f217cfe512e680"},
    {file = "brotlicffi-1.0.9.2-pp27-pypy_73-manylinux1_x86_64.whl", hash = "sha256:75a46bc5ed2753e1648cc211dcb2c1ac66116038766822dc104023f67ff4dfd8"},
    {file = "brotlicffi-1.0.9.2-pp27-pypy_73-manylinux2010_x86_64.whl", hash = "sha256:1e27c43ef72a278f9739b12b2df80ee72048cd4cbe498f8bbe08aaaa67a5d5c8"},
    {file = "brotlicffi-1.0.9.2-pp27-pypy_73-win32.whl", hash = "sha256:feb942814285bdc5e97efc77a04e48283c17dfab9ea082d79c0a7b9e53ef1eab"},
    {file = "brotlicffi-1.0.9.2-pp36-pypy36_pp73-macosx_10_9_x86_64.whl", hash = "sha256:a6208d82c3172eeeb3be83ed4efd5831552c7cd47576468e50fcf0fb23fcf97f"},
    {file = "brotlicffi-1.0.9.2-pp36-pypy36_pp73-manylinux1_x86_64.whl", hash = "sha256:408c810c599786fb806556ff17e844a903884e6370ca400bcec7fa286149f39c"},
    {file = "brotlicffi-1.0.9.2-pp36-pypy36_pp73-manylinux2010_x86_64.whl", hash = "sha256:a73099858ee343e8801710a08be8d194f47715ff21e98d92a19ac461058f52d1"},
    {file = "brotlicffi-1.0.9.2-pp36-pypy36_pp73-win32.whl", hash = "sha256:916b790f967a18a595e61f218c252f83718ac91f24157d622cf0fa710cd26ab7"},
    {file = "brotlicffi-1.0.9.2-pp37-pypy37_pp73-macosx_10_9_x86_64.whl", hash = "sha256:ba4a00263af40e875ec3d6c7f623cbf8c795b55705da18c64ec36b6bf0848bc5"},
    {file = "brotlicffi-1.0.9.2-pp37-pypy37_pp73-manylinux1_x86_64.whl", hash = "sha256:df78aa47741122b0d5463f1208b7bb18bc9706dee5152d9f56e0ead4865015cd"},
    {file = "brotlicffi-1.0.9.2-pp37-pypy37_pp73-manylinux2010_x86_64.whl", hash = "sha256:9030cd5099252d16bfa4e22659c84a89c102e94f8e81d30764788b72e2d7cfb7"},
    {file = "brotlicffi-1.0.9.2-pp37-pypy37_pp73-win32.whl", hash = "sha256:7e72978f4090a161885b114f87b784f538dcb77dafc6602592c1cf39ae8d243d"},
    {file = "brotlicffi-1.0.9.2.tar.gz", hash = "sha256:0c248a68129d8fc6a217767406c731e498c3e19a7be05ea0a90c3c86637b7d96"},
]
cffi = [
    {file = "cffi-1.15.0-cp27-cp27m-macosx_10_9_x86_64.whl", hash = "sha256:c2502a1a03b6312837279c8c1bd3ebedf6c12c4228ddbad40912d671ccc8a962"},
    {file = "cffi-1.15.0-cp27-cp27m-manylinux1_i686.whl", hash = "sha256:23cfe892bd5dd8941608f93348c0737e369e51c100d03718f108bf1add7bd6d0"},
    {file = "cffi-1.15.0-cp27-cp27m-manylinux1_x86_64.whl", hash = "sha256:41d45de54cd277a7878919867c0f08b0cf817605e4eb94093e7516505d3c8d14"},
    {file = "cffi-1.15.0-cp27-cp27m-win32.whl", hash = "sha256:4a306fa632e8f0928956a41fa8e1d6243c71e7eb59ffbd165fc0b41e316b2474"},
    {file = "cffi-1.15.0-cp27-cp27m-win_amd64.whl", hash = "sha256:e7022a66d9b55e93e1a845d8c9eba2a1bebd4966cd8bfc25d9cd07d515b33fa6"},
    {file = "cffi-1.15.0-cp27-cp27mu-manylinux1_i686.whl", hash = "sha256:14cd121ea63ecdae71efa69c15c5543a4b5fbcd0bbe2aad864baca0063cecf27"},
    {file = "cffi-1.15.0-cp27-cp27mu-manylinux1_x86_64.whl", hash = "sha256:d4d692a89c5cf08a8557fdeb329b82e7bf609aadfaed6c0d79f5a449a3c7c023"},
    {file = "cffi-1.15.0-cp310-cp310-macosx_10_9_x86_64.whl", hash = "sha256:0104fb5ae2391d46a4cb082abdd5c69ea4eab79d8d44eaaf79f1b1fd806ee4c2"},
    {file = "cffi-1.15.0-cp310-cp310-macosx_11_0_arm64.whl", hash = "sha256:91ec59c33514b7c7559a6acda53bbfe1b283949c34fe7440bcf917f96ac0723e"},
    {file = "cffi-1.15.0-cp310-cp310-manylinux_2_12_i686.manylinux2010_i686.whl", hash = "sha256:f5c7150ad32ba43a07c4479f40241756145a1f03b43480e058cfd862bf5041c7"},
    {file = "cffi-1.15.0-cp310-cp310-manylinux_2_12_x86_64.manylinux2010_x86_64.whl", hash = "sha256:00c878c90cb53ccfaae6b8bc18ad05d2036553e6d9d1d9dbcf323bbe83854ca3"},
    {file = "cffi-1.15.0-cp310-cp310-manylinux_2_17_aarch64.manylinux2014_aarch64.whl", hash = "sha256:abb9a20a72ac4e0fdb50dae135ba5e77880518e742077ced47eb1499e29a443c"},
    {file = "cffi-1.15.0-cp310-cp310-manylinux_2_17_ppc64le.manylinux2014_ppc64le.whl", hash = "sha256:a5263e363c27b653a90078143adb3d076c1a748ec9ecc78ea2fb916f9b861962"},
    {file = "cffi-1.15.0-cp310-cp310-manylinux_2_17_s390x.manylinux2014_s390x.whl", hash = "sha256:f54a64f8b0c8ff0b64d18aa76675262e1700f3995182267998c31ae974fbc382"},
    {file = "cffi-1.15.0-cp310-cp310-win32.whl", hash = "sha256:c21c9e3896c23007803a875460fb786118f0cdd4434359577ea25eb556e34c55"},
    {file = "cffi-1.15.0-cp310-cp310-win_amd64.whl", hash = "sha256:5e069f72d497312b24fcc02073d70cb989045d1c91cbd53979366077959933e0"},
    {file = "cffi-1.15.0-cp36-cp36m-macosx_10_9_x86_64.whl", hash = "sha256:64d4ec9f448dfe041705426000cc13e34e6e5bb13736e9fd62e34a0b0c41566e"},
    {file = "cffi-1.15.0-cp36-cp36m-manylinux_2_17_aarch64.manylinux2014_aarch64.whl", hash = "sha256:2756c88cbb94231c7a147402476be2c4df2f6078099a6f4a480d239a8817ae39"},
    {file = "cffi-1.15.0-cp36-cp36m-manylinux_2_17_ppc64le.manylinux2014_ppc64le.whl", hash = "sha256:3b96a311ac60a3f6be21d2572e46ce67f09abcf4d09344c49274eb9e0bf345fc"},
    {file = "cffi-1.15.0-cp36-cp36m-manylinux_2_17_s390x.manylinux2014_s390x.whl", hash = "sha256:75e4024375654472cc27e91cbe9eaa08567f7fbdf822638be2814ce059f58032"},
    {file = "cffi-1.15.0-cp36-cp36m-manylinux_2_5_i686.manylinux1_i686.whl", hash = "sha256:59888172256cac5629e60e72e86598027aca6bf01fa2465bdb676d37636573e8"},
    {file = "cffi-1.15.0-cp36-cp36m-manylinux_2_5_x86_64.manylinux1_x86_64.whl", hash = "sha256:27c219baf94952ae9d50ec19651a687b826792055353d07648a5695413e0c605"},
    {file = "cffi-1.15.0-cp36-cp36m-win32.whl", hash = "sha256:4958391dbd6249d7ad855b9ca88fae690783a6be9e86df65865058ed81fc860e"},
    {file = "cffi-1.15.0-cp36-cp36m-win_amd64.whl", hash = "sha256:f6f824dc3bce0edab5f427efcfb1d63ee75b6fcb7282900ccaf925be84efb0fc"},
    {file = "cffi-1.15.0-cp37-cp37m-macosx_10_9_x86_64.whl", hash = "sha256:06c48159c1abed75c2e721b1715c379fa3200c7784271b3c46df01383b593636"},
    {file = "cffi-1.15.0-cp37-cp37m-manylinux_2_12_i686.manylinux2010_i686.whl", hash = "sha256:c2051981a968d7de9dd2d7b87bcb9c939c74a34626a6e2f8181455dd49ed69e4"},
    {file = "cffi-1.15.0-cp37-cp37m-manylinux_2_12_x86_64.manylinux2010_x86_64.whl", hash = "sha256:fd8a250edc26254fe5b33be00402e6d287f562b6a5b2152dec302fa15bb3e997"},
    {file = "cffi-1.15.0-cp37-cp37m-manylinux_2_17_aarch64.manylinux2014_aarch64.whl", hash = "sha256:91d77d2a782be4274da750752bb1650a97bfd8f291022b379bb8e01c66b4e96b"},
    {file = "cffi-1.15.0-cp37-cp37m-manylinux_2_17_ppc64le.manylinux2014_ppc64le.whl", hash = "sha256:45db3a33139e9c8f7c09234b5784a5e33d31fd6907800b316decad50af323ff2"},
    {file = "cffi-1.15.0-cp37-cp37m-manylinux_2_17_s390x.manylinux2014_s390x.whl", hash = "sha256:263cc3d821c4ab2213cbe8cd8b355a7f72a8324577dc865ef98487c1aeee2bc7"},
    {file = "cffi-1.15.0-cp37-cp37m-win32.whl", hash = "sha256:17771976e82e9f94976180f76468546834d22a7cc404b17c22df2a2c81db0c66"},
    {file = "cffi-1.15.0-cp37-cp37m-win_amd64.whl", hash = "sha256:3415c89f9204ee60cd09b235810be700e993e343a408693e80ce7f6a40108029"},
    {file = "cffi-1.15.0-cp38-cp38-macosx_10_9_x86_64.whl", hash = "sha256:4238e6dab5d6a8ba812de994bbb0a79bddbdf80994e4ce802b6f6f3142fcc880"},
    {file = "cffi-1.15.0-cp38-cp38-manylinux_2_12_i686.manylinux2010_i686.whl", hash = "sha256:0808014eb713677ec1292301ea4c81ad277b6cdf2fdd90fd540af98c0b101d20"},
    {file = "cffi-1.15.0-cp38-cp38-manylinux_2_12_x86_64.manylinux2010_x86_64.whl", hash = "sha256:57e9ac9ccc3101fac9d6014fba037473e4358ef4e89f8e181f8951a2c0162024"},
    {file = "cffi-1.15.0-cp38-cp38-manylinux_2_17_aarch64.manylinux2014_aarch64.whl", hash = "sha256:8b6c2ea03845c9f501ed1313e78de148cd3f6cad741a75d43a29b43da27f2e1e"},
    {file = "cffi-1.15.0-cp38-cp38-manylinux_2_17_ppc64le.manylinux2014_ppc64le.whl", hash = "sha256:10dffb601ccfb65262a27233ac273d552ddc4d8ae1bf93b21c94b8511bffe728"},
    {file = "cffi-1.15.0-cp38-cp38-manylinux_2_17_s390x.manylinux2014_s390x.whl", hash = "sha256:786902fb9ba7433aae840e0ed609f45c7bcd4e225ebb9c753aa39725bb3e6ad6"},
    {file = "cffi-1.15.0-cp38-cp38-win32.whl", hash = "sha256:da5db4e883f1ce37f55c667e5c0de439df76ac4cb55964655906306918e7363c"},
    {file = "cffi-1.15.0-cp38-cp38-win_amd64.whl", hash = "sha256:181dee03b1170ff1969489acf1c26533710231c58f95534e3edac87fff06c443"},
    {file = "cffi-1.15.0-cp39-cp39-macosx_10_9_x86_64.whl", hash = "sha256:45e8636704eacc432a206ac7345a5d3d2c62d95a507ec70d62f23cd91770482a"},
    {file = "cffi-1.15.0-cp39-cp39-macosx_11_0_arm64.whl", hash = "sha256:31fb708d9d7c3f49a60f04cf5b119aeefe5644daba1cd2a0fe389b674fd1de37"},
    {file = "cffi-1.15.0-cp39-cp39-manylinux_2_12_i686.manylinux2010_i686.whl", hash = "sha256:6dc2737a3674b3e344847c8686cf29e500584ccad76204efea14f451d4cc669a"},
    {file = "cffi-1.15.0-cp39-cp39-manylinux_2_12_x86_64.manylinux2010_x86_64.whl", hash = "sha256:74fdfdbfdc48d3f47148976f49fab3251e550a8720bebc99bf1483f5bfb5db3e"},
    {file = "cffi-1.15.0-cp39-cp39-manylinux_2_17_aarch64.manylinux2014_aarch64.whl", hash = "sha256:ffaa5c925128e29efbde7301d8ecaf35c8c60ffbcd6a1ffd3a552177c8e5e796"},
    {file = "cffi-1.15.0-cp39-cp39-manylinux_2_17_ppc64le.manylinux2014_ppc64le.whl", hash = "sha256:3f7d084648d77af029acb79a0ff49a0ad7e9d09057a9bf46596dac9514dc07df"},
    {file = "cffi-1.15.0-cp39-cp39-manylinux_2_17_s390x.manylinux2014_s390x.whl", hash = "sha256:ef1f279350da2c586a69d32fc8733092fd32cc8ac95139a00377841f59a3f8d8"},
    {file = "cffi-1.15.0-cp39-cp39-win32.whl", hash = "sha256:2a23af14f408d53d5e6cd4e3d9a24ff9e05906ad574822a10563efcef137979a"},
    {file = "cffi-1.15.0-cp39-cp39-win_amd64.whl", hash = "sha256:3773c4d81e6e818df2efbc7dd77325ca0dcb688116050fb2b3011218eda36139"},
    {file = "cffi-1.15.0.tar.gz", hash = "sha256:920f0d66a896c2d99f0adbb391f990a84091179542c205fa53ce5787aff87954"},
]
cssselect2 = [
    {file = "cssselect2-0.4.1-py3-none-any.whl", hash = "sha256:2f4a9f20965367bae459e3bb42561f7927e0cfe5b7ea1692757cf67ef5d7dace"},
    {file = "cssselect2-0.4.1.tar.gz", hash = "sha256:93fbb9af860e95dd40bf18c3b2b6ed99189a07c0f29ba76f9c5be71344664ec8"},
]
fonttools = [
    {file = "fonttools-4.28.5-py3-none-any.whl", hash = "sha256:edf251d5d2cc0580d5f72de4621c338d8c66c5f61abb50cf486640f73c8194d5"},
    {file = "fonttools-4.28.5.zip", hash = "sha256:545c05d0f7903a863c2020e07b8f0a57517f2c40d940bded77076397872d14ca"},
]
html5lib = [
    {file = "html5lib-1.1-py2.py3-none-any.whl", hash = "sha256:0d78f8fde1c230e99fe37986a60526d7049ed4bf8a9fadbad5f00e22e58e041d"},
    {file = "html5lib-1.1.tar.gz", hash = "sha256:b2e5b40261e20f354d198eae92afc10d750afb487ed5e50f9c4eaf07c184146f"},
]
invoke = [
    {file = "invoke-1.6.0-py2-none-any.whl", hash = "sha256:e6c9917a1e3e73e7ea91fdf82d5f151ccfe85bf30cc65cdb892444c02dbb5f74"},
    {file = "invoke-1.6.0-py3-none-any.whl", hash = "sha256:769e90caeb1bd07d484821732f931f1ad8916a38e3f3e618644687fc09cb6317"},
    {file = "invoke-1.6.0.tar.gz", hash = "sha256:374d1e2ecf78981da94bfaf95366216aaec27c2d6a7b7d5818d92da55aa258d3"},
]
pillow = [
    {file = "Pillow-9.0.0-cp310-cp310-macosx_10_10_universal2.whl", hash = "sha256:113723312215b25c22df1fdf0e2da7a3b9c357a7d24a93ebbe80bfda4f37a8d4"},
    {file = "Pillow-9.0.0-cp310-cp310-macosx_11_0_arm64.whl", hash = "sha256:bb47a548cea95b86494a26c89d153fd31122ed65255db5dcbc421a2d28eb3379"},
    {file = "Pillow-9.0.0-cp310-cp310-manylinux_2_17_aarch64.manylinux2014_aarch64.whl", hash = "sha256:31b265496e603985fad54d52d11970383e317d11e18e856971bdbb86af7242a4"},
    {file = "Pillow-9.0.0-cp310-cp310-manylinux_2_17_i686.manylinux2014_i686.whl", hash = "sha256:d154ed971a4cc04b93a6d5b47f37948d1f621f25de3e8fa0c26b2d44f24e3e8f"},
    {file = "Pillow-9.0.0-cp310-cp310-manylinux_2_17_x86_64.manylinux2014_x86_64.whl", hash = "sha256:80fe92813d208ce8aa7d76da878bdc84b90809f79ccbad2a288e9bcbeac1d9bd"},
    {file = "Pillow-9.0.0-cp310-cp310-win32.whl", hash = "sha256:d5dcea1387331c905405b09cdbfb34611050cc52c865d71f2362f354faee1e9f"},
    {file = "Pillow-9.0.0-cp310-cp310-win_amd64.whl", hash = "sha256:52abae4c96b5da630a8b4247de5428f593465291e5b239f3f843a911a3cf0105"},
    {file = "Pillow-9.0.0-cp37-cp37m-macosx_10_10_x86_64.whl", hash = "sha256:72c3110228944019e5f27232296c5923398496b28be42535e3b2dc7297b6e8b6"},
    {file = "Pillow-9.0.0-cp37-cp37m-manylinux_2_17_aarch64.manylinux2014_aarch64.whl", hash = "sha256:97b6d21771da41497b81652d44191489296555b761684f82b7b544c49989110f"},
    {file = "Pillow-9.0.0-cp37-cp37m-manylinux_2_17_i686.manylinux2014_i686.whl", hash = "sha256:72f649d93d4cc4d8cf79c91ebc25137c358718ad75f99e99e043325ea7d56100"},
    {file = "Pillow-9.0.0-cp37-cp37m-manylinux_2_17_x86_64.manylinux2014_x86_64.whl", hash = "sha256:7aaf07085c756f6cb1c692ee0d5a86c531703b6e8c9cae581b31b562c16b98ce"},
    {file = "Pillow-9.0.0-cp37-cp37m-win32.whl", hash = "sha256:03b27b197deb4ee400ed57d8d4e572d2d8d80f825b6634daf6e2c18c3c6ccfa6"},
    {file = "Pillow-9.0.0-cp37-cp37m-win_amd64.whl", hash = "sha256:a09a9d4ec2b7887f7a088bbaacfd5c07160e746e3d47ec5e8050ae3b2a229e9f"},
    {file = "Pillow-9.0.0-cp38-cp38-macosx_10_10_x86_64.whl", hash = "sha256:490e52e99224858f154975db61c060686df8a6b3f0212a678e5d2e2ce24675c9"},
    {file = "Pillow-9.0.0-cp38-cp38-macosx_11_0_arm64.whl", hash = "sha256:500d397ddf4bbf2ca42e198399ac13e7841956c72645513e8ddf243b31ad2128"},
    {file = "Pillow-9.0.0-cp38-cp38-manylinux_2_17_aarch64.manylinux2014_aarch64.whl", hash = "sha256:0ebd8b9137630a7bbbff8c4b31e774ff05bbb90f7911d93ea2c9371e41039b52"},
    {file = "Pillow-9.0.0-cp38-cp38-manylinux_2_17_i686.manylinux2014_i686.whl", hash = "sha256:fd0e5062f11cb3e730450a7d9f323f4051b532781026395c4323b8ad055523c4"},
    {file = "Pillow-9.0.0-cp38-cp38-manylinux_2_17_x86_64.manylinux2014_x86_64.whl", hash = "sha256:9f3b4522148586d35e78313db4db0df4b759ddd7649ef70002b6c3767d0fdeb7"},
    {file = "Pillow-9.0.0-cp38-cp38-win32.whl", hash = "sha256:0b281fcadbb688607ea6ece7649c5d59d4bbd574e90db6cd030e9e85bde9fecc"},
    {file = "Pillow-9.0.0-cp38-cp38-win_amd64.whl", hash = "sha256:b5050d681bcf5c9f2570b93bee5d3ec8ae4cf23158812f91ed57f7126df91762"},
    {file = "Pillow-9.0.0-cp39-cp39-macosx_10_10_x86_64.whl", hash = "sha256:c2067b3bb0781f14059b112c9da5a91c80a600a97915b4f48b37f197895dd925"},
    {file = "Pillow-9.0.0-cp39-cp39-macosx_11_0_arm64.whl", hash = "sha256:2d16b6196fb7a54aff6b5e3ecd00f7c0bab1b56eee39214b2b223a9d938c50af"},
    {file = "Pillow-9.0.0-cp39-cp39-manylinux_2_17_aarch64.manylinux2014_aarch64.whl", hash = "sha256:98cb63ca63cb61f594511c06218ab4394bf80388b3d66cd61d0b1f63ee0ea69f"},
    {file = "Pillow-9.0.0-cp39-cp39-manylinux_2_17_i686.manylinux2014_i686.whl", hash = "sha256:bc462d24500ba707e9cbdef436c16e5c8cbf29908278af053008d9f689f56dee"},
    {file = "Pillow-9.0.0-cp39-cp39-manylinux_2_17_x86_64.manylinux2014_x86_64.whl", hash = "sha256:3586e12d874ce2f1bc875a3ffba98732ebb12e18fb6d97be482bd62b56803281"},
    {file = "Pillow-9.0.0-cp39-cp39-win32.whl", hash = "sha256:68e06f8b2248f6dc8b899c3e7ecf02c9f413aab622f4d6190df53a78b93d97a5"},
    {file = "Pillow-9.0.0-cp39-cp39-win_amd64.whl", hash = "sha256:6579f9ba84a3d4f1807c4aab4be06f373017fc65fff43498885ac50a9b47a553"},
    {file = "Pillow-9.0.0-pp37-pypy37_pp73-macosx_10_10_x86_64.whl", hash = "sha256:47f5cf60bcb9fbc46011f75c9b45a8b5ad077ca352a78185bd3e7f1d294b98bb"},
    {file = "Pillow-9.0.0-pp37-pypy37_pp73-manylinux_2_17_i686.manylinux2014_i686.whl", hash = "sha256:2fd8053e1f8ff1844419842fd474fc359676b2e2a2b66b11cc59f4fa0a301315"},
    {file = "Pillow-9.0.0-pp37-pypy37_pp73-manylinux_2_17_x86_64.manylinux2014_x86_64.whl", hash = "sha256:6c5439bfb35a89cac50e81c751317faea647b9a3ec11c039900cd6915831064d"},
    {file = "Pillow-9.0.0-pp38-pypy38_pp73-win_amd64.whl", hash = "sha256:95545137fc56ce8c10de646074d242001a112a92de169986abd8c88c27566a05"},
    {file = "Pillow-9.0.0.tar.gz", hash = "sha256:ee6e2963e92762923956fe5d3479b1fdc3b76c83f290aad131a2f98c3df0593e"},
]
pycparser = [
    {file = "pycparser-2.21-py2.py3-none-any.whl", hash = "sha256:8ee45429555515e1f6b185e78100aea234072576aa43ab53aefcae078162fca9"},
    {file = "pycparser-2.21.tar.gz", hash = "sha256:e644fdec12f7872f86c58ff790da456218b10f863970249516d60a5eaca77206"},
]
pydyf = [
    {file = "pydyf-0.1.2-py3-none-any.whl", hash = "sha256:9ef1505c424e2ac9c4caef5b8f8c105a311c23fdb4db4979d7d82ad6cff76fa7"},
    {file = "pydyf-0.1.2.tar.gz", hash = "sha256:1e2f5de48174f505de025a7d1e7cf01bbdd9422ca8ab9451782bf00ee178602c"},
]
pyphen = [
    {file = "pyphen-0.12.0-py3-none-any.whl", hash = "sha256:459020cd320eb200c0c5ba46b98b2278fd34c5546f520fdcd2ce5f8d733eb994"},
    {file = "pyphen-0.12.0.tar.gz", hash = "sha256:b7d3dfc24b6f2178cdb2b1757ace0bd5d222de3e62c28d22ac578c5f22a13e9b"},
]
six = [
    {file = "six-1.16.0-py2.py3-none-any.whl", hash = "sha256:8abb2f1d86890a2dfb989f9a77cfcfd3e47c2a354b01111771326f8aa26e0254"},
    {file = "six-1.16.0.tar.gz", hash = "sha256:1e61c37477a1626458e36f7b1d82aa5c9b094fa4802892072e49de9c60c4c926"},
]
svgwrite = [
    {file = "svgwrite-1.4.1-py3-none-any.whl", hash = "sha256:4b21652a1d9c543a6bf4f9f2a54146b214519b7540ca60cb99968ad09ef631d0"},
    {file = "svgwrite-1.4.1.zip", hash = "sha256:e220a4bf189e7e214a55e8a11421d152b5b6fb1dd660c86a8b6b61fe8cc2ac48"},
]
tinycss2 = [
    {file = "tinycss2-1.1.1-py3-none-any.whl", hash = "sha256:fe794ceaadfe3cf3e686b22155d0da5780dd0e273471a51846d0a02bc204fec8"},
    {file = "tinycss2-1.1.1.tar.gz", hash = "sha256:b2e44dd8883c360c35dd0d1b5aad0b610e5156c2cb3b33434634e539ead9d8bf"},
]
weasyprint = [
    {file = "weasyprint-54.0-py3-none-any.whl", hash = "sha256:7314a92545ad72e8909a4c6f73661aab6bdb8e19ace5cacdbbc50d143d1049a4"},
    {file = "weasyprint-54.0.tar.gz", hash = "sha256:0aeda9a045c7881289420cac917cc57115b1243e476187338e66d593dd000853"},
]
webencodings = [
    {file = "webencodings-0.5.1-py2.py3-none-any.whl", hash = "sha256:a0af1213f3c2226497a97e2b3aa01a7e4bee4f403f95be16fc9acd2947514a78"},
    {file = "webencodings-0.5.1.tar.gz", hash = "sha256:b36a1c245f2d304965eb4e0a82848379241dc04b865afcc4aab16748587e1923"},
]
yattag = [
    {file = "yattag-1.14.0.tar.gz", hash = "sha256:5731a31cb7452c0c6930dd1a284e0170b39eee959851a2aceb8d6af4134a5fa8"},
]
zopfli = [
    {file = "zopfli-0.1.9-cp310-cp310-macosx_10_9_universal2.whl", hash = "sha256:da74c371ee20795561ef22def8d1943939b7e9a7533a27de7a9a4a68301cf4ce"},
    {file = "zopfli-0.1.9-cp310-cp310-macosx_10_9_x86_64.whl", hash = "sha256:bf5990d5a3e6c6abe49f0509c67a38c00c3e0b8c8da26b867661b34bfeeb9e8d"},
    {file = "zopfli-0.1.9-cp310-cp310-manylinux_2_17_aarch64.manylinux2014_aarch64.whl", hash = "sha256:745cbe6f036b8398d2f59bbb7165c4ba5cd0ac2e8243efc7082dee1f5731baf7"},
    {file = "zopfli-0.1.9-cp310-cp310-manylinux_2_5_i686.manylinux1_i686.manylinux_2_12_i686.manylinux2010_i686.whl", hash = "sha256:e9bedbb085b3b011a1cd911d85691c82904bc94903ce1ad98d5eb34b392cb093"},
    {file = "zopfli-0.1.9-cp310-cp310-manylinux_2_5_x86_64.manylinux1_x86_64.manylinux_2_12_x86_64.manylinux2010_x86_64.whl", hash = "sha256:6324dcc03633e7310db68f5c2b59ad8436b8fd5dddf5e2adab7b8aa4f6a5f442"},
    {file = "zopfli-0.1.9-cp310-cp310-win32.whl", hash = "sha256:74255e8e5a0f9993863094cd54e9501eb5f62d0a2970e9c9ca005f62c9c38338"},
    {file = "zopfli-0.1.9-cp310-cp310-win_amd64.whl", hash = "sha256:1a1794435319de903ffe7a36dfce657799df42a38bd4d50b58fd2361621c1fe5"},
    {file = "zopfli-0.1.9-cp36-cp36m-macosx_10_9_x86_64.whl", hash = "sha256:3b529645c7f963dc321523beee777f795dece7a355564a5084cd45ea51a6e985"},
    {file = "zopfli-0.1.9-cp36-cp36m-manylinux_2_17_aarch64.manylinux2014_aarch64.whl", hash = "sha256:2ad7c1d56229c51eb42001d10b6784e41436d4706e8075264743a0036f3faf53"},
    {file = "zopfli-0.1.9-cp36-cp36m-manylinux_2_5_i686.manylinux1_i686.whl", hash = "sha256:614f56e98111d57747d1c766b987f480353dad9bf8fb27089933fb350cc53bf1"},
    {file = "zopfli-0.1.9-cp36-cp36m-manylinux_2_5_x86_64.manylinux1_x86_64.whl", hash = "sha256:44f6c2592a1cd56a3f57562650cc7c95e13e465f3727f9ffc40def486124307d"},
    {file = "zopfli-0.1.9-cp36-cp36m-win32.whl", hash = "sha256:289d7c2f135add4c0964291c7eee40defb20fbcafc4deceb63d8d2ccc19d6c4d"},
    {file = "zopfli-0.1.9-cp36-cp36m-win_amd64.whl", hash = "sha256:08ca761a8be61d3e46807adef8e8dad314ab93c824fc4d882f9e14a67d59fe57"},
    {file = "zopfli-0.1.9-cp37-cp37m-macosx_10_9_x86_64.whl", hash = "sha256:bd750ca39bb0555ce69b8ed5c6bf5cf1293fae4657f09e488af1aacfc267c409"},
    {file = "zopfli-0.1.9-cp37-cp37m-manylinux_2_17_aarch64.manylinux2014_aarch64.whl", hash = "sha256:ba346570cea24250613060ea1f62550e0de8bfd1733b950c24424dacc93cfd12"},
    {file = "zopfli-0.1.9-cp37-cp37m-manylinux_2_5_i686.manylinux1_i686.whl", hash = "sha256:a42254a7c9550c5237666dab1191c55802f47bce4f1511725cfc033d7bf2c3a9"},
    {file = "zopfli-0.1.9-cp37-cp37m-manylinux_2_5_x86_64.manylinux1_x86_64.whl", hash = "sha256:116934fed1e2a918a9225acc856163211661c8dd855061acf17210c015bcd7ca"},
    {file = "zopfli-0.1.9-cp37-cp37m-win32.whl", hash = "sha256:c2446eb17fc677d1789693510d902bca6bb492e079f3a64efeac687e20be3416"},
    {file = "zopfli-0.1.9-cp37-cp37m-win_amd64.whl", hash = "sha256:dff085fe9df5ee3839fca15a7319068bb9728397b9d9a59c0561bf1bf7f2a990"},
    {file = "zopfli-0.1.9-cp38-cp38-macosx_10_9_universal2.whl", hash = "sha256:b955dc2fff85b37ecbfeec09f174effdb617fd977eb34ff118dfa14aa8ac68df"},
    {file = "zopfli-0.1.9-cp38-cp38-macosx_10_9_x86_64.whl", hash = "sha256:9b6ecc0dd348c3153fc596de6206148adf349aa25f745b6bf47c682911068fac"},
    {file = "zopfli-0.1.9-cp38-cp38-manylinux_2_17_aarch64.manylinux2014_aarch64.whl", hash = "sha256:56f756f841f14180fd13e79b6b2ae4c9e47b73a9a7dc287109f7d432fd495df6"},
    {file = "zopfli-0.1.9-cp38-cp38-manylinux_2_5_i686.manylinux1_i686.whl", hash = "sha256:97058951ffbfef5f37d68a0537d3049b48dffbb461bd1971d14f3259e60ef849"},
    {file = "zopfli-0.1.9-cp38-cp38-manylinux_2_5_x86_64.manylinux1_x86_64.whl", hash = "sha256:a91044948344c793b9c0f9de343d85960c002a31fdd83110a01d3f66e6100c57"},
    {file = "zopfli-0.1.9-cp38-cp38-win32.whl", hash = "sha256:d2e37f12eb2e336993bde6cb6d8d19019a23b711ce1b8ad037a3c3838802958c"},
    {file = "zopfli-0.1.9-cp38-cp38-win_amd64.whl", hash = "sha256:509bbfc19006526bfd4917a91108bb44ee26729e9ae25656c12247dbe3cfece8"},
    {file = "zopfli-0.1.9-cp39-cp39-macosx_10_9_universal2.whl", hash = "sha256:33d270a14f9f2bde1846b8370372f1038a01a75d81e6f5a0f4ee341877bd327c"},
    {file = "zopfli-0.1.9-cp39-cp39-macosx_10_9_x86_64.whl", hash = "sha256:27a7df4c4611a5a9cb81ddafa1d56f7ed5a08827308c6546ca607097f4e36194"},
    {file = "zopfli-0.1.9-cp39-cp39-manylinux_2_17_aarch64.manylinux2014_aarch64.whl", hash = "sha256:3da24da35b9584a4a45bd67fa6b41281d3d90efd27de5056f789f1ff123f445e"},
    {file = "zopfli-0.1.9-cp39-cp39-manylinux_2_5_i686.manylinux1_i686.whl", hash = "sha256:631a09bfd19bfcb70d950c13e4e2993aa682c2bf49fa463add4cc77962ee5d75"},
    {file = "zopfli-0.1.9-cp39-cp39-manylinux_2_5_x86_64.manylinux1_x86_64.whl", hash = "sha256:9d1115a985ce5af418b06ea5f9e1974d056227d90216bd7232a75c5ca60ab478"},
    {file = "zopfli-0.1.9-cp39-cp39-win32.whl", hash = "sha256:9368d2f9a8073e41e10c5440569d540a63f2bd7a126fe81cc5f469a56692833b"},
    {file = "zopfli-0.1.9-cp39-cp39-win_amd64.whl", hash = "sha256:49020bcb4acb04d625a464633716316313f271a0a2421a9cc2862823a3adf3c5"},
    {file = "zopfli-0.1.9-pp37-pypy37_pp73-manylinux_2_5_i686.manylinux1_i686.manylinux_2_12_i686.manylinux2010_i686.whl", hash = "sha256:1b04ef791c60e05a569e9229e106b5e145f55dd93b5ced6fe810985a6c461a4c"},
    {file = "zopfli-0.1.9-pp37-pypy37_pp73-manylinux_2_5_x86_64.manylinux1_x86_64.manylinux_2_12_x86_64.manylinux2010_x86_64.whl", hash = "sha256:377e70a4dfed0d0b4119023d8722897081343e187341b3a220e08f2284bda0d7"},
    {file = "zopfli-0.1.9-pp37-pypy37_pp73-win_amd64.whl", hash = "sha256:7a085eee2896b55959ef06cd962dfb0d01a6b5e79e2446a140ec81e7f4499dfc"},
    {file = "zopfli-0.1.9.zip", hash = "sha256:78de3cc08a8efaa8013d61528907d91ac4d6cc014ffd8a41cc10ee75e9e60d7b"},
]
